
Microsoft Visual Studio Solution File, Format Version 12.00
# Visual Studio 14
VisualStudioVersion = 14.0.25420.1
MinimumVisualStudioVersion = 10.0.40219.1
Project("{FAE04EC0-301F-11D3-BF4B-00C04F79EFBC}") = "ps-condominio.Domain", "Walmart.Sgp.Domain\ps-condominio.Domain.csproj", "{99965C62-48A7-4B64-B3A5-13E8138F087C}"
EndProject
Project("{2150E333-8FDC-42A3-9474-1A3956D46DE8}") = "Domain", "Domain", "{57368486-C55E-4A5C-B054-56030C5FD950}"
EndProject
Project("{2150E333-8FDC-42A3-9474-1A3956D46DE8}") = "Infrastructure", "Infrastructure", "{8FE9D5B2-4821-4557-A14F-8F1F5D626E7C}"
EndProject
Project("{FAE04EC0-301F-11D3-BF4B-00C04F79EFBC}") = "ps-condominio.Infrastructure.Framework", "Walmart.Sgp.Infrastructure.Framework\ps-condominio.Infrastructure.Framework.csproj", "{3D0D3692-E5FA-42A6-85AF-4779F580EEB6}"
EndProject
Project("{FAE04EC0-301F-11D3-BF4B-00C04F79EFBC}") = "ps-condominio.Infrastructure.Framework.UnitTests", "Walmart.Sgp.Infrastructure.Framework.UnitTests\ps-condominio.Infrastructure.Framework.UnitTests.csproj", "{35A8812F-E9AF-436E-9848-632D83FA401F}"
EndProject
Project("{FAE04EC0-301F-11D3-BF4B-00C04F79EFBC}") = "ps-condominio.Infrastructure.IO", "Walmart.Sgp.Infrastructure.IO\ps-condominio.Infrastructure.IO.csproj", "{BF71769E-5C8F-4EB5-A492-C112CCED7C4E}"
EndProject
Project("{FAE04EC0-301F-11D3-BF4B-00C04F79EFBC}") = "ps-condominio.Infrastructure.Web", "Walmart.Sgp.Infrastructure.Web\ps-condominio.Infrastructure.Web.csproj", "{2ECFB67C-5B07-4A2D-9D96-9DFBA5ED4E18}"
EndProject
Project("{2150E333-8FDC-42A3-9474-1A3956D46DE8}") = "Apps", "Apps", "{B821F3EA-709F-42F2-99A5-CE2AECFC575F}"
EndProject
Project("{FAE04EC0-301F-11D3-BF4B-00C04F79EFBC}") = "ps-condominio.Infrastructure.Data", "Walmart.Sgp.Infrastructure.Data\ps-condominio.Infrastructure.Data.csproj", "{20D8C6FA-065E-41BB-814C-DDFAAC7D406D}"
EndProject
Project("{FAE04EC0-301F-11D3-BF4B-00C04F79EFBC}") = "ps-condominio.Infrastructure.Data.FunctionalTests", "Walmart.Sgp.Infrastructure.Data.FunctionalTests\ps-condominio.Infrastructure.Data.FunctionalTests.csproj", "{FFE819CB-1E3A-4CEC-A78E-DA2550075CBB}"
EndProject
Project("{FAE04EC0-301F-11D3-BF4B-00C04F79EFBC}") = "ps-condominio.WebApp", "Walmart.Sgp.WebApp\ps-condominio.WebApp.csproj", "{0AA9C157-8943-44E4-9E93-07A75653E172}"
EndProject
Project("{FAE04EC0-301F-11D3-BF4B-00C04F79EFBC}") = "ps-condominio.WebApi", "Walmart.Sgp.WebApi\ps-condominio.WebApi.csproj", "{67FE29B4-C632-469A-8AEC-4993754B5D17}"
	ProjectSection(ProjectDependencies) = postProject
		{69EF17B2-FD04-4979-ACB6-63EB133A9E87} = {69EF17B2-FD04-4979-ACB6-63EB133A9E87}
	EndProjectSection
EndProject
Project("{FAE04EC0-301F-11D3-BF4B-00C04F79EFBC}") = "ps-condominio.Tasks", "Walmart.Sgp.Tasks\ps-condominio.Tasks.csproj", "{D4191EC3-D3D2-4A7E-A978-402BA937EFF5}"
	ProjectSection(ProjectDependencies) = postProject
		{69EF17B2-FD04-4979-ACB6-63EB133A9E87} = {69EF17B2-FD04-4979-ACB6-63EB133A9E87}
	EndProjectSection
EndProject
Project("{FAE04EC0-301F-11D3-BF4B-00C04F79EFBC}") = "ps-condominio.Infrastructure.IO.FunctionalTests", "Walmart.Sgp.Infrastructure.IO.FunctionalTests\ps-condominio.Infrastructure.IO.FunctionalTests.csproj", "{99A82D39-E7BC-493C-A74A-44B1D2F5959D}"
EndProject
Project("{2150E333-8FDC-42A3-9474-1A3956D46DE8}") = ".aplicação", ".aplicação", "{6D14B02F-4B27-407B-A114-CA0E315B043C}"
	ProjectSection(SolutionItems) = preProject
		Local.testsettings = Local.testsettings
		Walmart.Sgp.Infrastructure.Bootstrap\Setup.cs = Walmart.Sgp.Infrastructure.Bootstrap\Setup.cs
		Walmart.Sgp.Tasks\TasksConfig.cs = Walmart.Sgp.Tasks\TasksConfig.cs
		Walmart.Sgp.Infrastructure.Framework\Globalization\Texts.resx = Walmart.Sgp.Infrastructure.Framework\Globalization\Texts.resx
		Walmart.Sgp.WebApi\Web.config = Walmart.Sgp.WebApi\Web.config
		Walmart.Sgp.WebApi\App_Start\WebApiConfig.cs = Walmart.Sgp.WebApi\App_Start\WebApiConfig.cs
	EndProjectSection
EndProject
Project("{FAE04EC0-301F-11D3-BF4B-00C04F79EFBC}") = "ps-condominio.Infrastructure.Bootstrap", "Walmart.Sgp.Infrastructure.Bootstrap\ps-condominio.Infrastructure.Bootstrap.csproj", "{69EF17B2-FD04-4979-ACB6-63EB133A9E87}"
EndProject
Project("{FAE04EC0-301F-11D3-BF4B-00C04F79EFBC}") = "ps-condominio.Application", "Walmart.Sgp.Application\ps-condominio.Application.csproj", "{4C5AC704-BB24-416D-8A4B-F23109E16468}"
EndProject
Global
	GlobalSection(SolutionConfigurationPlatforms) = preSolution
		Chrome|Any CPU = Chrome|Any CPU
		CI|Any CPU = CI|Any CPU
		Debug|Any CPU = Debug|Any CPU
		DEV|Any CPU = DEV|Any CPU
		DEVCWI|Any CPU = DEVCWI|Any CPU
		Firefox|Any CPU = Firefox|Any CPU
		IE|Any CPU = IE|Any CPU
		PRD|Any CPU = PRD|Any CPU
		Release|Any CPU = Release|Any CPU
		SIT|Any CPU = SIT|Any CPU
		TST|Any CPU = TST|Any CPU
		TSTAUTOMACAO|Any CPU = TSTAUTOMACAO|Any CPU
		UAT|Any CPU = UAT|Any CPU
	EndGlobalSection
	GlobalSection(ProjectConfigurationPlatforms) = postSolution
		{99965C62-48A7-4B64-B3A5-13E8138F087C}.Chrome|Any CPU.ActiveCfg = TSTAUTOMACAO|Any CPU
		{99965C62-48A7-4B64-B3A5-13E8138F087C}.Chrome|Any CPU.Build.0 = TSTAUTOMACAO|Any CPU
		{99965C62-48A7-4B64-B3A5-13E8138F087C}.CI|Any CPU.ActiveCfg = CI|Any CPU
		{99965C62-48A7-4B64-B3A5-13E8138F087C}.CI|Any CPU.Build.0 = CI|Any CPU
		{99965C62-48A7-4B64-B3A5-13E8138F087C}.Debug|Any CPU.ActiveCfg = DEVCWI|Any CPU
		{99965C62-48A7-4B64-B3A5-13E8138F087C}.Debug|Any CPU.Build.0 = DEVCWI|Any CPU
		{99965C62-48A7-4B64-B3A5-13E8138F087C}.DEV|Any CPU.ActiveCfg = DEV|Any CPU
		{99965C62-48A7-4B64-B3A5-13E8138F087C}.DEV|Any CPU.Build.0 = DEV|Any CPU
		{99965C62-48A7-4B64-B3A5-13E8138F087C}.DEVCWI|Any CPU.ActiveCfg = DEVCWI|Any CPU
		{99965C62-48A7-4B64-B3A5-13E8138F087C}.DEVCWI|Any CPU.Build.0 = DEVCWI|Any CPU
		{99965C62-48A7-4B64-B3A5-13E8138F087C}.Firefox|Any CPU.ActiveCfg = TSTAUTOMACAO|Any CPU
		{99965C62-48A7-4B64-B3A5-13E8138F087C}.Firefox|Any CPU.Build.0 = TSTAUTOMACAO|Any CPU
		{99965C62-48A7-4B64-B3A5-13E8138F087C}.IE|Any CPU.ActiveCfg = TSTAUTOMACAO|Any CPU
		{99965C62-48A7-4B64-B3A5-13E8138F087C}.IE|Any CPU.Build.0 = TSTAUTOMACAO|Any CPU
		{99965C62-48A7-4B64-B3A5-13E8138F087C}.PRD|Any CPU.ActiveCfg = PRD|Any CPU
		{99965C62-48A7-4B64-B3A5-13E8138F087C}.PRD|Any CPU.Build.0 = PRD|Any CPU
		{99965C62-48A7-4B64-B3A5-13E8138F087C}.Release|Any CPU.ActiveCfg = UAT|Any CPU
		{99965C62-48A7-4B64-B3A5-13E8138F087C}.Release|Any CPU.Build.0 = UAT|Any CPU
		{99965C62-48A7-4B64-B3A5-13E8138F087C}.SIT|Any CPU.ActiveCfg = SIT|Any CPU
		{99965C62-48A7-4B64-B3A5-13E8138F087C}.SIT|Any CPU.Build.0 = SIT|Any CPU
		{99965C62-48A7-4B64-B3A5-13E8138F087C}.TST|Any CPU.ActiveCfg = TST|Any CPU
		{99965C62-48A7-4B64-B3A5-13E8138F087C}.TST|Any CPU.Build.0 = TST|Any CPU
		{99965C62-48A7-4B64-B3A5-13E8138F087C}.TSTAUTOMACAO|Any CPU.ActiveCfg = TSTAUTOMACAO|Any CPU
		{99965C62-48A7-4B64-B3A5-13E8138F087C}.TSTAUTOMACAO|Any CPU.Build.0 = TSTAUTOMACAO|Any CPU
		{99965C62-48A7-4B64-B3A5-13E8138F087C}.UAT|Any CPU.ActiveCfg = UAT|Any CPU
		{99965C62-48A7-4B64-B3A5-13E8138F087C}.UAT|Any CPU.Build.0 = UAT|Any CPU
		{3D0D3692-E5FA-42A6-85AF-4779F580EEB6}.Chrome|Any CPU.ActiveCfg = TSTAUTOMACAO|Any CPU
		{3D0D3692-E5FA-42A6-85AF-4779F580EEB6}.Chrome|Any CPU.Build.0 = TSTAUTOMACAO|Any CPU
		{3D0D3692-E5FA-42A6-85AF-4779F580EEB6}.CI|Any CPU.ActiveCfg = CI|Any CPU
		{3D0D3692-E5FA-42A6-85AF-4779F580EEB6}.CI|Any CPU.Build.0 = CI|Any CPU
		{3D0D3692-E5FA-42A6-85AF-4779F580EEB6}.Debug|Any CPU.ActiveCfg = DEVCWI|Any CPU
		{3D0D3692-E5FA-42A6-85AF-4779F580EEB6}.Debug|Any CPU.Build.0 = DEVCWI|Any CPU
		{3D0D3692-E5FA-42A6-85AF-4779F580EEB6}.DEV|Any CPU.ActiveCfg = DEV|Any CPU
		{3D0D3692-E5FA-42A6-85AF-4779F580EEB6}.DEV|Any CPU.Build.0 = DEV|Any CPU
		{3D0D3692-E5FA-42A6-85AF-4779F580EEB6}.DEVCWI|Any CPU.ActiveCfg = DEVCWI|Any CPU
		{3D0D3692-E5FA-42A6-85AF-4779F580EEB6}.DEVCWI|Any CPU.Build.0 = DEVCWI|Any CPU
		{3D0D3692-E5FA-42A6-85AF-4779F580EEB6}.Firefox|Any CPU.ActiveCfg = TSTAUTOMACAO|Any CPU
		{3D0D3692-E5FA-42A6-85AF-4779F580EEB6}.Firefox|Any CPU.Build.0 = TSTAUTOMACAO|Any CPU
		{3D0D3692-E5FA-42A6-85AF-4779F580EEB6}.IE|Any CPU.ActiveCfg = TSTAUTOMACAO|Any CPU
		{3D0D3692-E5FA-42A6-85AF-4779F580EEB6}.IE|Any CPU.Build.0 = TSTAUTOMACAO|Any CPU
		{3D0D3692-E5FA-42A6-85AF-4779F580EEB6}.PRD|Any CPU.ActiveCfg = PRD|Any CPU
		{3D0D3692-E5FA-42A6-85AF-4779F580EEB6}.PRD|Any CPU.Build.0 = PRD|Any CPU
		{3D0D3692-E5FA-42A6-85AF-4779F580EEB6}.Release|Any CPU.ActiveCfg = UAT|Any CPU
		{3D0D3692-E5FA-42A6-85AF-4779F580EEB6}.Release|Any CPU.Build.0 = UAT|Any CPU
		{3D0D3692-E5FA-42A6-85AF-4779F580EEB6}.SIT|Any CPU.ActiveCfg = SIT|Any CPU
		{3D0D3692-E5FA-42A6-85AF-4779F580EEB6}.SIT|Any CPU.Build.0 = SIT|Any CPU
		{3D0D3692-E5FA-42A6-85AF-4779F580EEB6}.TST|Any CPU.ActiveCfg = TST|Any CPU
		{3D0D3692-E5FA-42A6-85AF-4779F580EEB6}.TST|Any CPU.Build.0 = TST|Any CPU
		{3D0D3692-E5FA-42A6-85AF-4779F580EEB6}.TSTAUTOMACAO|Any CPU.ActiveCfg = TSTAUTOMACAO|Any CPU
		{3D0D3692-E5FA-42A6-85AF-4779F580EEB6}.TSTAUTOMACAO|Any CPU.Build.0 = TSTAUTOMACAO|Any CPU
		{3D0D3692-E5FA-42A6-85AF-4779F580EEB6}.UAT|Any CPU.ActiveCfg = UAT|Any CPU
		{3D0D3692-E5FA-42A6-85AF-4779F580EEB6}.UAT|Any CPU.Build.0 = UAT|Any CPU
		{35A8812F-E9AF-436E-9848-632D83FA401F}.Chrome|Any CPU.ActiveCfg = TSTAUTOMACAO|Any CPU
		{35A8812F-E9AF-436E-9848-632D83FA401F}.Chrome|Any CPU.Build.0 = TSTAUTOMACAO|Any CPU
		{35A8812F-E9AF-436E-9848-632D83FA401F}.CI|Any CPU.ActiveCfg = CI|Any CPU
		{35A8812F-E9AF-436E-9848-632D83FA401F}.CI|Any CPU.Build.0 = CI|Any CPU
		{35A8812F-E9AF-436E-9848-632D83FA401F}.Debug|Any CPU.ActiveCfg = DEVCWI|Any CPU
		{35A8812F-E9AF-436E-9848-632D83FA401F}.Debug|Any CPU.Build.0 = DEVCWI|Any CPU
		{35A8812F-E9AF-436E-9848-632D83FA401F}.DEV|Any CPU.ActiveCfg = DEV|Any CPU
		{35A8812F-E9AF-436E-9848-632D83FA401F}.DEV|Any CPU.Build.0 = DEV|Any CPU
		{35A8812F-E9AF-436E-9848-632D83FA401F}.DEVCWI|Any CPU.ActiveCfg = DEVCWI|Any CPU
		{35A8812F-E9AF-436E-9848-632D83FA401F}.DEVCWI|Any CPU.Build.0 = DEVCWI|Any CPU
		{35A8812F-E9AF-436E-9848-632D83FA401F}.Firefox|Any CPU.ActiveCfg = TSTAUTOMACAO|Any CPU
		{35A8812F-E9AF-436E-9848-632D83FA401F}.Firefox|Any CPU.Build.0 = TSTAUTOMACAO|Any CPU
		{35A8812F-E9AF-436E-9848-632D83FA401F}.IE|Any CPU.ActiveCfg = TSTAUTOMACAO|Any CPU
		{35A8812F-E9AF-436E-9848-632D83FA401F}.IE|Any CPU.Build.0 = TSTAUTOMACAO|Any CPU
		{35A8812F-E9AF-436E-9848-632D83FA401F}.PRD|Any CPU.ActiveCfg = PRD|Any CPU
		{35A8812F-E9AF-436E-9848-632D83FA401F}.PRD|Any CPU.Build.0 = PRD|Any CPU
		{35A8812F-E9AF-436E-9848-632D83FA401F}.Release|Any CPU.ActiveCfg = UAT|Any CPU
		{35A8812F-E9AF-436E-9848-632D83FA401F}.Release|Any CPU.Build.0 = UAT|Any CPU
		{35A8812F-E9AF-436E-9848-632D83FA401F}.SIT|Any CPU.ActiveCfg = SIT|Any CPU
		{35A8812F-E9AF-436E-9848-632D83FA401F}.SIT|Any CPU.Build.0 = SIT|Any CPU
		{35A8812F-E9AF-436E-9848-632D83FA401F}.TST|Any CPU.ActiveCfg = TST|Any CPU
		{35A8812F-E9AF-436E-9848-632D83FA401F}.TST|Any CPU.Build.0 = TST|Any CPU
		{35A8812F-E9AF-436E-9848-632D83FA401F}.TSTAUTOMACAO|Any CPU.ActiveCfg = TSTAUTOMACAO|Any CPU
		{35A8812F-E9AF-436E-9848-632D83FA401F}.TSTAUTOMACAO|Any CPU.Build.0 = TSTAUTOMACAO|Any CPU
		{35A8812F-E9AF-436E-9848-632D83FA401F}.UAT|Any CPU.ActiveCfg = UAT|Any CPU
		{35A8812F-E9AF-436E-9848-632D83FA401F}.UAT|Any CPU.Build.0 = UAT|Any CPU
		{BF71769E-5C8F-4EB5-A492-C112CCED7C4E}.Chrome|Any CPU.ActiveCfg = TSTAUTOMACAO|Any CPU
		{BF71769E-5C8F-4EB5-A492-C112CCED7C4E}.Chrome|Any CPU.Build.0 = TSTAUTOMACAO|Any CPU
		{BF71769E-5C8F-4EB5-A492-C112CCED7C4E}.CI|Any CPU.ActiveCfg = CI|Any CPU
		{BF71769E-5C8F-4EB5-A492-C112CCED7C4E}.CI|Any CPU.Build.0 = CI|Any CPU
		{BF71769E-5C8F-4EB5-A492-C112CCED7C4E}.Debug|Any CPU.ActiveCfg = DEVCWI|Any CPU
		{BF71769E-5C8F-4EB5-A492-C112CCED7C4E}.Debug|Any CPU.Build.0 = DEVCWI|Any CPU
		{BF71769E-5C8F-4EB5-A492-C112CCED7C4E}.DEV|Any CPU.ActiveCfg = DEV|Any CPU
		{BF71769E-5C8F-4EB5-A492-C112CCED7C4E}.DEV|Any CPU.Build.0 = DEV|Any CPU
		{BF71769E-5C8F-4EB5-A492-C112CCED7C4E}.DEVCWI|Any CPU.ActiveCfg = DEVCWI|Any CPU
		{BF71769E-5C8F-4EB5-A492-C112CCED7C4E}.DEVCWI|Any CPU.Build.0 = DEVCWI|Any CPU
		{BF71769E-5C8F-4EB5-A492-C112CCED7C4E}.Firefox|Any CPU.ActiveCfg = TSTAUTOMACAO|Any CPU
		{BF71769E-5C8F-4EB5-A492-C112CCED7C4E}.Firefox|Any CPU.Build.0 = TSTAUTOMACAO|Any CPU
		{BF71769E-5C8F-4EB5-A492-C112CCED7C4E}.IE|Any CPU.ActiveCfg = TSTAUTOMACAO|Any CPU
		{BF71769E-5C8F-4EB5-A492-C112CCED7C4E}.IE|Any CPU.Build.0 = TSTAUTOMACAO|Any CPU
		{BF71769E-5C8F-4EB5-A492-C112CCED7C4E}.PRD|Any CPU.ActiveCfg = PRD|Any CPU
		{BF71769E-5C8F-4EB5-A492-C112CCED7C4E}.PRD|Any CPU.Build.0 = PRD|Any CPU
		{BF71769E-5C8F-4EB5-A492-C112CCED7C4E}.Release|Any CPU.ActiveCfg = UAT|Any CPU
		{BF71769E-5C8F-4EB5-A492-C112CCED7C4E}.Release|Any CPU.Build.0 = UAT|Any CPU
		{BF71769E-5C8F-4EB5-A492-C112CCED7C4E}.SIT|Any CPU.ActiveCfg = SIT|Any CPU
		{BF71769E-5C8F-4EB5-A492-C112CCED7C4E}.SIT|Any CPU.Build.0 = SIT|Any CPU
		{BF71769E-5C8F-4EB5-A492-C112CCED7C4E}.TST|Any CPU.ActiveCfg = TST|Any CPU
		{BF71769E-5C8F-4EB5-A492-C112CCED7C4E}.TST|Any CPU.Build.0 = TST|Any CPU
		{BF71769E-5C8F-4EB5-A492-C112CCED7C4E}.TSTAUTOMACAO|Any CPU.ActiveCfg = TSTAUTOMACAO|Any CPU
		{BF71769E-5C8F-4EB5-A492-C112CCED7C4E}.TSTAUTOMACAO|Any CPU.Build.0 = TSTAUTOMACAO|Any CPU
		{BF71769E-5C8F-4EB5-A492-C112CCED7C4E}.UAT|Any CPU.ActiveCfg = UAT|Any CPU
		{BF71769E-5C8F-4EB5-A492-C112CCED7C4E}.UAT|Any CPU.Build.0 = UAT|Any CPU
		{2ECFB67C-5B07-4A2D-9D96-9DFBA5ED4E18}.Chrome|Any CPU.ActiveCfg = TSTAUTOMACAO|Any CPU
		{2ECFB67C-5B07-4A2D-9D96-9DFBA5ED4E18}.Chrome|Any CPU.Build.0 = TSTAUTOMACAO|Any CPU
		{2ECFB67C-5B07-4A2D-9D96-9DFBA5ED4E18}.CI|Any CPU.ActiveCfg = CI|Any CPU
		{2ECFB67C-5B07-4A2D-9D96-9DFBA5ED4E18}.CI|Any CPU.Build.0 = CI|Any CPU
		{2ECFB67C-5B07-4A2D-9D96-9DFBA5ED4E18}.Debug|Any CPU.ActiveCfg = DEVCWI|Any CPU
		{2ECFB67C-5B07-4A2D-9D96-9DFBA5ED4E18}.Debug|Any CPU.Build.0 = DEVCWI|Any CPU
		{2ECFB67C-5B07-4A2D-9D96-9DFBA5ED4E18}.DEV|Any CPU.ActiveCfg = DEV|Any CPU
		{2ECFB67C-5B07-4A2D-9D96-9DFBA5ED4E18}.DEV|Any CPU.Build.0 = DEV|Any CPU
		{2ECFB67C-5B07-4A2D-9D96-9DFBA5ED4E18}.DEVCWI|Any CPU.ActiveCfg = DEVCWI|Any CPU
		{2ECFB67C-5B07-4A2D-9D96-9DFBA5ED4E18}.DEVCWI|Any CPU.Build.0 = DEVCWI|Any CPU
		{2ECFB67C-5B07-4A2D-9D96-9DFBA5ED4E18}.Firefox|Any CPU.ActiveCfg = TSTAUTOMACAO|Any CPU
		{2ECFB67C-5B07-4A2D-9D96-9DFBA5ED4E18}.Firefox|Any CPU.Build.0 = TSTAUTOMACAO|Any CPU
		{2ECFB67C-5B07-4A2D-9D96-9DFBA5ED4E18}.IE|Any CPU.ActiveCfg = TSTAUTOMACAO|Any CPU
		{2ECFB67C-5B07-4A2D-9D96-9DFBA5ED4E18}.IE|Any CPU.Build.0 = TSTAUTOMACAO|Any CPU
		{2ECFB67C-5B07-4A2D-9D96-9DFBA5ED4E18}.PRD|Any CPU.ActiveCfg = PRD|Any CPU
		{2ECFB67C-5B07-4A2D-9D96-9DFBA5ED4E18}.PRD|Any CPU.Build.0 = PRD|Any CPU
		{2ECFB67C-5B07-4A2D-9D96-9DFBA5ED4E18}.Release|Any CPU.ActiveCfg = UAT|Any CPU
		{2ECFB67C-5B07-4A2D-9D96-9DFBA5ED4E18}.Release|Any CPU.Build.0 = UAT|Any CPU
		{2ECFB67C-5B07-4A2D-9D96-9DFBA5ED4E18}.SIT|Any CPU.ActiveCfg = SIT|Any CPU
		{2ECFB67C-5B07-4A2D-9D96-9DFBA5ED4E18}.SIT|Any CPU.Build.0 = SIT|Any CPU
		{2ECFB67C-5B07-4A2D-9D96-9DFBA5ED4E18}.TST|Any CPU.ActiveCfg = TST|Any CPU
		{2ECFB67C-5B07-4A2D-9D96-9DFBA5ED4E18}.TST|Any CPU.Build.0 = TST|Any CPU
		{2ECFB67C-5B07-4A2D-9D96-9DFBA5ED4E18}.TSTAUTOMACAO|Any CPU.ActiveCfg = TSTAUTOMACAO|Any CPU
		{2ECFB67C-5B07-4A2D-9D96-9DFBA5ED4E18}.TSTAUTOMACAO|Any CPU.Build.0 = TSTAUTOMACAO|Any CPU
		{2ECFB67C-5B07-4A2D-9D96-9DFBA5ED4E18}.UAT|Any CPU.ActiveCfg = UAT|Any CPU
		{2ECFB67C-5B07-4A2D-9D96-9DFBA5ED4E18}.UAT|Any CPU.Build.0 = UAT|Any CPU
		{20D8C6FA-065E-41BB-814C-DDFAAC7D406D}.Chrome|Any CPU.ActiveCfg = TSTAUTOMACAO|Any CPU
		{20D8C6FA-065E-41BB-814C-DDFAAC7D406D}.Chrome|Any CPU.Build.0 = TSTAUTOMACAO|Any CPU
		{20D8C6FA-065E-41BB-814C-DDFAAC7D406D}.CI|Any CPU.ActiveCfg = CI|Any CPU
		{20D8C6FA-065E-41BB-814C-DDFAAC7D406D}.CI|Any CPU.Build.0 = CI|Any CPU
		{20D8C6FA-065E-41BB-814C-DDFAAC7D406D}.Debug|Any CPU.ActiveCfg = DEVCWI|Any CPU
		{20D8C6FA-065E-41BB-814C-DDFAAC7D406D}.Debug|Any CPU.Build.0 = DEVCWI|Any CPU
		{20D8C6FA-065E-41BB-814C-DDFAAC7D406D}.DEV|Any CPU.ActiveCfg = DEV|Any CPU
		{20D8C6FA-065E-41BB-814C-DDFAAC7D406D}.DEV|Any CPU.Build.0 = DEV|Any CPU
		{20D8C6FA-065E-41BB-814C-DDFAAC7D406D}.DEVCWI|Any CPU.ActiveCfg = DEVCWI|Any CPU
		{20D8C6FA-065E-41BB-814C-DDFAAC7D406D}.DEVCWI|Any CPU.Build.0 = DEVCWI|Any CPU
		{20D8C6FA-065E-41BB-814C-DDFAAC7D406D}.Firefox|Any CPU.ActiveCfg = TSTAUTOMACAO|Any CPU
		{20D8C6FA-065E-41BB-814C-DDFAAC7D406D}.Firefox|Any CPU.Build.0 = TSTAUTOMACAO|Any CPU
		{20D8C6FA-065E-41BB-814C-DDFAAC7D406D}.IE|Any CPU.ActiveCfg = TSTAUTOMACAO|Any CPU
		{20D8C6FA-065E-41BB-814C-DDFAAC7D406D}.IE|Any CPU.Build.0 = TSTAUTOMACAO|Any CPU
		{20D8C6FA-065E-41BB-814C-DDFAAC7D406D}.PRD|Any CPU.ActiveCfg = PRD|Any CPU
		{20D8C6FA-065E-41BB-814C-DDFAAC7D406D}.PRD|Any CPU.Build.0 = PRD|Any CPU
		{20D8C6FA-065E-41BB-814C-DDFAAC7D406D}.Release|Any CPU.ActiveCfg = UAT|Any CPU
		{20D8C6FA-065E-41BB-814C-DDFAAC7D406D}.Release|Any CPU.Build.0 = UAT|Any CPU
		{20D8C6FA-065E-41BB-814C-DDFAAC7D406D}.SIT|Any CPU.ActiveCfg = SIT|Any CPU
		{20D8C6FA-065E-41BB-814C-DDFAAC7D406D}.SIT|Any CPU.Build.0 = SIT|Any CPU
		{20D8C6FA-065E-41BB-814C-DDFAAC7D406D}.TST|Any CPU.ActiveCfg = TST|Any CPU
		{20D8C6FA-065E-41BB-814C-DDFAAC7D406D}.TST|Any CPU.Build.0 = TST|Any CPU
		{20D8C6FA-065E-41BB-814C-DDFAAC7D406D}.TSTAUTOMACAO|Any CPU.ActiveCfg = TSTAUTOMACAO|Any CPU
		{20D8C6FA-065E-41BB-814C-DDFAAC7D406D}.TSTAUTOMACAO|Any CPU.Build.0 = TSTAUTOMACAO|Any CPU
		{20D8C6FA-065E-41BB-814C-DDFAAC7D406D}.UAT|Any CPU.ActiveCfg = UAT|Any CPU
		{20D8C6FA-065E-41BB-814C-DDFAAC7D406D}.UAT|Any CPU.Build.0 = UAT|Any CPU
		{FFE819CB-1E3A-4CEC-A78E-DA2550075CBB}.Chrome|Any CPU.ActiveCfg = TSTAUTOMACAO|Any CPU
		{FFE819CB-1E3A-4CEC-A78E-DA2550075CBB}.Chrome|Any CPU.Build.0 = TSTAUTOMACAO|Any CPU
		{FFE819CB-1E3A-4CEC-A78E-DA2550075CBB}.CI|Any CPU.ActiveCfg = CI|Any CPU
		{FFE819CB-1E3A-4CEC-A78E-DA2550075CBB}.CI|Any CPU.Build.0 = CI|Any CPU
		{FFE819CB-1E3A-4CEC-A78E-DA2550075CBB}.Debug|Any CPU.ActiveCfg = DEVCWI|Any CPU
		{FFE819CB-1E3A-4CEC-A78E-DA2550075CBB}.Debug|Any CPU.Build.0 = DEVCWI|Any CPU
		{FFE819CB-1E3A-4CEC-A78E-DA2550075CBB}.DEV|Any CPU.ActiveCfg = DEV|Any CPU
		{FFE819CB-1E3A-4CEC-A78E-DA2550075CBB}.DEV|Any CPU.Build.0 = DEV|Any CPU
		{FFE819CB-1E3A-4CEC-A78E-DA2550075CBB}.DEVCWI|Any CPU.ActiveCfg = DEVCWI|Any CPU
		{FFE819CB-1E3A-4CEC-A78E-DA2550075CBB}.DEVCWI|Any CPU.Build.0 = DEVCWI|Any CPU
		{FFE819CB-1E3A-4CEC-A78E-DA2550075CBB}.Firefox|Any CPU.ActiveCfg = TSTAUTOMACAO|Any CPU
		{FFE819CB-1E3A-4CEC-A78E-DA2550075CBB}.Firefox|Any CPU.Build.0 = TSTAUTOMACAO|Any CPU
		{FFE819CB-1E3A-4CEC-A78E-DA2550075CBB}.IE|Any CPU.ActiveCfg = TSTAUTOMACAO|Any CPU
		{FFE819CB-1E3A-4CEC-A78E-DA2550075CBB}.IE|Any CPU.Build.0 = TSTAUTOMACAO|Any CPU
		{FFE819CB-1E3A-4CEC-A78E-DA2550075CBB}.PRD|Any CPU.ActiveCfg = PRD|Any CPU
		{FFE819CB-1E3A-4CEC-A78E-DA2550075CBB}.PRD|Any CPU.Build.0 = PRD|Any CPU
		{FFE819CB-1E3A-4CEC-A78E-DA2550075CBB}.Release|Any CPU.ActiveCfg = UAT|Any CPU
		{FFE819CB-1E3A-4CEC-A78E-DA2550075CBB}.Release|Any CPU.Build.0 = UAT|Any CPU
		{FFE819CB-1E3A-4CEC-A78E-DA2550075CBB}.SIT|Any CPU.ActiveCfg = SIT|Any CPU
		{FFE819CB-1E3A-4CEC-A78E-DA2550075CBB}.SIT|Any CPU.Build.0 = SIT|Any CPU
		{FFE819CB-1E3A-4CEC-A78E-DA2550075CBB}.TST|Any CPU.ActiveCfg = TST|Any CPU
		{FFE819CB-1E3A-4CEC-A78E-DA2550075CBB}.TST|Any CPU.Build.0 = TST|Any CPU
		{FFE819CB-1E3A-4CEC-A78E-DA2550075CBB}.TSTAUTOMACAO|Any CPU.ActiveCfg = TSTAUTOMACAO|Any CPU
		{FFE819CB-1E3A-4CEC-A78E-DA2550075CBB}.TSTAUTOMACAO|Any CPU.Build.0 = TSTAUTOMACAO|Any CPU
		{FFE819CB-1E3A-4CEC-A78E-DA2550075CBB}.UAT|Any CPU.ActiveCfg = UAT|Any CPU
		{FFE819CB-1E3A-4CEC-A78E-DA2550075CBB}.UAT|Any CPU.Build.0 = UAT|Any CPU
		{0AA9C157-8943-44E4-9E93-07A75653E172}.Chrome|Any CPU.ActiveCfg = TSTAUTOMACAO|Any CPU
		{0AA9C157-8943-44E4-9E93-07A75653E172}.Chrome|Any CPU.Build.0 = TSTAUTOMACAO|Any CPU
		{0AA9C157-8943-44E4-9E93-07A75653E172}.CI|Any CPU.ActiveCfg = CI|Any CPU
		{0AA9C157-8943-44E4-9E93-07A75653E172}.CI|Any CPU.Build.0 = CI|Any CPU
		{0AA9C157-8943-44E4-9E93-07A75653E172}.Debug|Any CPU.ActiveCfg = DEVCWI|Any CPU
		{0AA9C157-8943-44E4-9E93-07A75653E172}.Debug|Any CPU.Build.0 = DEVCWI|Any CPU
		{0AA9C157-8943-44E4-9E93-07A75653E172}.DEV|Any CPU.ActiveCfg = DEV|Any CPU
		{0AA9C157-8943-44E4-9E93-07A75653E172}.DEV|Any CPU.Build.0 = DEV|Any CPU
		{0AA9C157-8943-44E4-9E93-07A75653E172}.DEVCWI|Any CPU.ActiveCfg = DEVCWI|Any CPU
		{0AA9C157-8943-44E4-9E93-07A75653E172}.DEVCWI|Any CPU.Build.0 = DEVCWI|Any CPU
		{0AA9C157-8943-44E4-9E93-07A75653E172}.Firefox|Any CPU.ActiveCfg = TSTAUTOMACAO|Any CPU
		{0AA9C157-8943-44E4-9E93-07A75653E172}.Firefox|Any CPU.Build.0 = TSTAUTOMACAO|Any CPU
		{0AA9C157-8943-44E4-9E93-07A75653E172}.IE|Any CPU.ActiveCfg = TSTAUTOMACAO|Any CPU
		{0AA9C157-8943-44E4-9E93-07A75653E172}.IE|Any CPU.Build.0 = TSTAUTOMACAO|Any CPU
		{0AA9C157-8943-44E4-9E93-07A75653E172}.PRD|Any CPU.ActiveCfg = PRD|Any CPU
		{0AA9C157-8943-44E4-9E93-07A75653E172}.PRD|Any CPU.Build.0 = PRD|Any CPU
		{0AA9C157-8943-44E4-9E93-07A75653E172}.Release|Any CPU.ActiveCfg = Release|Any CPU
		{0AA9C157-8943-44E4-9E93-07A75653E172}.Release|Any CPU.Build.0 = Release|Any CPU
		{0AA9C157-8943-44E4-9E93-07A75653E172}.SIT|Any CPU.ActiveCfg = SIT|Any CPU
		{0AA9C157-8943-44E4-9E93-07A75653E172}.SIT|Any CPU.Build.0 = SIT|Any CPU
		{0AA9C157-8943-44E4-9E93-07A75653E172}.TST|Any CPU.ActiveCfg = TST|Any CPU
		{0AA9C157-8943-44E4-9E93-07A75653E172}.TST|Any CPU.Build.0 = TST|Any CPU
		{0AA9C157-8943-44E4-9E93-07A75653E172}.TSTAUTOMACAO|Any CPU.ActiveCfg = TSTAUTOMACAO|Any CPU
		{0AA9C157-8943-44E4-9E93-07A75653E172}.TSTAUTOMACAO|Any CPU.Build.0 = TSTAUTOMACAO|Any CPU
		{0AA9C157-8943-44E4-9E93-07A75653E172}.UAT|Any CPU.ActiveCfg = UAT|Any CPU
		{0AA9C157-8943-44E4-9E93-07A75653E172}.UAT|Any CPU.Build.0 = UAT|Any CPU
		{67FE29B4-C632-469A-8AEC-4993754B5D17}.Chrome|Any CPU.ActiveCfg = TSTAUTOMACAO|Any CPU
		{67FE29B4-C632-469A-8AEC-4993754B5D17}.Chrome|Any CPU.Build.0 = TSTAUTOMACAO|Any CPU
		{67FE29B4-C632-469A-8AEC-4993754B5D17}.CI|Any CPU.ActiveCfg = CI|Any CPU
		{67FE29B4-C632-469A-8AEC-4993754B5D17}.CI|Any CPU.Build.0 = CI|Any CPU
		{67FE29B4-C632-469A-8AEC-4993754B5D17}.Debug|Any CPU.ActiveCfg = DEVCWI|Any CPU
		{67FE29B4-C632-469A-8AEC-4993754B5D17}.Debug|Any CPU.Build.0 = DEVCWI|Any CPU
		{67FE29B4-C632-469A-8AEC-4993754B5D17}.DEV|Any CPU.ActiveCfg = DEV|Any CPU
		{67FE29B4-C632-469A-8AEC-4993754B5D17}.DEV|Any CPU.Build.0 = DEV|Any CPU
		{67FE29B4-C632-469A-8AEC-4993754B5D17}.DEVCWI|Any CPU.ActiveCfg = DEVCWI|Any CPU
		{67FE29B4-C632-469A-8AEC-4993754B5D17}.DEVCWI|Any CPU.Build.0 = DEVCWI|Any CPU
		{67FE29B4-C632-469A-8AEC-4993754B5D17}.Firefox|Any CPU.ActiveCfg = TSTAUTOMACAO|Any CPU
		{67FE29B4-C632-469A-8AEC-4993754B5D17}.Firefox|Any CPU.Build.0 = TSTAUTOMACAO|Any CPU
		{67FE29B4-C632-469A-8AEC-4993754B5D17}.IE|Any CPU.ActiveCfg = TSTAUTOMACAO|Any CPU
		{67FE29B4-C632-469A-8AEC-4993754B5D17}.IE|Any CPU.Build.0 = TSTAUTOMACAO|Any CPU
		{67FE29B4-C632-469A-8AEC-4993754B5D17}.PRD|Any CPU.ActiveCfg = PRD|Any CPU
		{67FE29B4-C632-469A-8AEC-4993754B5D17}.PRD|Any CPU.Build.0 = PRD|Any CPU
		{67FE29B4-C632-469A-8AEC-4993754B5D17}.Release|Any CPU.ActiveCfg = Release|Any CPU
		{67FE29B4-C632-469A-8AEC-4993754B5D17}.Release|Any CPU.Build.0 = Release|Any CPU
		{67FE29B4-C632-469A-8AEC-4993754B5D17}.SIT|Any CPU.ActiveCfg = SIT|Any CPU
		{67FE29B4-C632-469A-8AEC-4993754B5D17}.SIT|Any CPU.Build.0 = SIT|Any CPU
		{67FE29B4-C632-469A-8AEC-4993754B5D17}.TST|Any CPU.ActiveCfg = TST|Any CPU
		{67FE29B4-C632-469A-8AEC-4993754B5D17}.TST|Any CPU.Build.0 = TST|Any CPU
		{67FE29B4-C632-469A-8AEC-4993754B5D17}.TSTAUTOMACAO|Any CPU.ActiveCfg = TSTAUTOMACAO|Any CPU
		{67FE29B4-C632-469A-8AEC-4993754B5D17}.TSTAUTOMACAO|Any CPU.Build.0 = TSTAUTOMACAO|Any CPU
		{67FE29B4-C632-469A-8AEC-4993754B5D17}.UAT|Any CPU.ActiveCfg = UAT|Any CPU
		{67FE29B4-C632-469A-8AEC-4993754B5D17}.UAT|Any CPU.Build.0 = UAT|Any CPU
		{D4191EC3-D3D2-4A7E-A978-402BA937EFF5}.Chrome|Any CPU.ActiveCfg = TSTAUTOMACAO|Any CPU
		{D4191EC3-D3D2-4A7E-A978-402BA937EFF5}.Chrome|Any CPU.Build.0 = TSTAUTOMACAO|Any CPU
		{D4191EC3-D3D2-4A7E-A978-402BA937EFF5}.CI|Any CPU.ActiveCfg = CI|Any CPU
		{D4191EC3-D3D2-4A7E-A978-402BA937EFF5}.CI|Any CPU.Build.0 = CI|Any CPU
		{D4191EC3-D3D2-4A7E-A978-402BA937EFF5}.Debug|Any CPU.ActiveCfg = DEVCWI|Any CPU
		{D4191EC3-D3D2-4A7E-A978-402BA937EFF5}.Debug|Any CPU.Build.0 = DEVCWI|Any CPU
		{D4191EC3-D3D2-4A7E-A978-402BA937EFF5}.DEV|Any CPU.ActiveCfg = DEV|Any CPU
		{D4191EC3-D3D2-4A7E-A978-402BA937EFF5}.DEV|Any CPU.Build.0 = DEV|Any CPU
		{D4191EC3-D3D2-4A7E-A978-402BA937EFF5}.DEVCWI|Any CPU.ActiveCfg = DEVCWI|Any CPU
		{D4191EC3-D3D2-4A7E-A978-402BA937EFF5}.DEVCWI|Any CPU.Build.0 = DEVCWI|Any CPU
		{D4191EC3-D3D2-4A7E-A978-402BA937EFF5}.Firefox|Any CPU.ActiveCfg = TSTAUTOMACAO|Any CPU
		{D4191EC3-D3D2-4A7E-A978-402BA937EFF5}.Firefox|Any CPU.Build.0 = TSTAUTOMACAO|Any CPU
		{D4191EC3-D3D2-4A7E-A978-402BA937EFF5}.IE|Any CPU.ActiveCfg = TSTAUTOMACAO|Any CPU
		{D4191EC3-D3D2-4A7E-A978-402BA937EFF5}.IE|Any CPU.Build.0 = TSTAUTOMACAO|Any CPU
		{D4191EC3-D3D2-4A7E-A978-402BA937EFF5}.PRD|Any CPU.ActiveCfg = PRD|Any CPU
		{D4191EC3-D3D2-4A7E-A978-402BA937EFF5}.PRD|Any CPU.Build.0 = PRD|Any CPU
		{D4191EC3-D3D2-4A7E-A978-402BA937EFF5}.Release|Any CPU.ActiveCfg = UAT|Any CPU
		{D4191EC3-D3D2-4A7E-A978-402BA937EFF5}.Release|Any CPU.Build.0 = UAT|Any CPU
		{D4191EC3-D3D2-4A7E-A978-402BA937EFF5}.SIT|Any CPU.ActiveCfg = SIT|Any CPU
		{D4191EC3-D3D2-4A7E-A978-402BA937EFF5}.SIT|Any CPU.Build.0 = SIT|Any CPU
		{D4191EC3-D3D2-4A7E-A978-402BA937EFF5}.TST|Any CPU.ActiveCfg = TST|Any CPU
		{D4191EC3-D3D2-4A7E-A978-402BA937EFF5}.TST|Any CPU.Build.0 = TST|Any CPU
		{D4191EC3-D3D2-4A7E-A978-402BA937EFF5}.TSTAUTOMACAO|Any CPU.ActiveCfg = TSTAUTOMACAO|Any CPU
		{D4191EC3-D3D2-4A7E-A978-402BA937EFF5}.TSTAUTOMACAO|Any CPU.Build.0 = TSTAUTOMACAO|Any CPU
		{D4191EC3-D3D2-4A7E-A978-402BA937EFF5}.UAT|Any CPU.ActiveCfg = UAT|Any CPU
		{D4191EC3-D3D2-4A7E-A978-402BA937EFF5}.UAT|Any CPU.Build.0 = UAT|Any CPU
		{99A82D39-E7BC-493C-A74A-44B1D2F5959D}.Chrome|Any CPU.ActiveCfg = TSTAUTOMACAO|Any CPU
		{99A82D39-E7BC-493C-A74A-44B1D2F5959D}.Chrome|Any CPU.Build.0 = TSTAUTOMACAO|Any CPU
		{99A82D39-E7BC-493C-A74A-44B1D2F5959D}.CI|Any CPU.ActiveCfg = CI|Any CPU
		{99A82D39-E7BC-493C-A74A-44B1D2F5959D}.CI|Any CPU.Build.0 = CI|Any CPU
		{99A82D39-E7BC-493C-A74A-44B1D2F5959D}.Debug|Any CPU.ActiveCfg = DEVCWI|Any CPU
		{99A82D39-E7BC-493C-A74A-44B1D2F5959D}.Debug|Any CPU.Build.0 = DEVCWI|Any CPU
		{99A82D39-E7BC-493C-A74A-44B1D2F5959D}.DEV|Any CPU.ActiveCfg = DEV|Any CPU
		{99A82D39-E7BC-493C-A74A-44B1D2F5959D}.DEV|Any CPU.Build.0 = DEV|Any CPU
		{99A82D39-E7BC-493C-A74A-44B1D2F5959D}.DEVCWI|Any CPU.ActiveCfg = DEVCWI|Any CPU
		{99A82D39-E7BC-493C-A74A-44B1D2F5959D}.DEVCWI|Any CPU.Build.0 = DEVCWI|Any CPU
		{99A82D39-E7BC-493C-A74A-44B1D2F5959D}.Firefox|Any CPU.ActiveCfg = TSTAUTOMACAO|Any CPU
		{99A82D39-E7BC-493C-A74A-44B1D2F5959D}.Firefox|Any CPU.Build.0 = TSTAUTOMACAO|Any CPU
		{99A82D39-E7BC-493C-A74A-44B1D2F5959D}.IE|Any CPU.ActiveCfg = TSTAUTOMACAO|Any CPU
		{99A82D39-E7BC-493C-A74A-44B1D2F5959D}.IE|Any CPU.Build.0 = TSTAUTOMACAO|Any CPU
		{99A82D39-E7BC-493C-A74A-44B1D2F5959D}.PRD|Any CPU.ActiveCfg = PRD|Any CPU
		{99A82D39-E7BC-493C-A74A-44B1D2F5959D}.PRD|Any CPU.Build.0 = PRD|Any CPU
		{99A82D39-E7BC-493C-A74A-44B1D2F5959D}.Release|Any CPU.ActiveCfg = UAT|Any CPU
		{99A82D39-E7BC-493C-A74A-44B1D2F5959D}.Release|Any CPU.Build.0 = UAT|Any CPU
		{99A82D39-E7BC-493C-A74A-44B1D2F5959D}.SIT|Any CPU.ActiveCfg = SIT|Any CPU
		{99A82D39-E7BC-493C-A74A-44B1D2F5959D}.SIT|Any CPU.Build.0 = SIT|Any CPU
		{99A82D39-E7BC-493C-A74A-44B1D2F5959D}.TST|Any CPU.ActiveCfg = TST|Any CPU
		{99A82D39-E7BC-493C-A74A-44B1D2F5959D}.TST|Any CPU.Build.0 = TST|Any CPU
		{99A82D39-E7BC-493C-A74A-44B1D2F5959D}.TSTAUTOMACAO|Any CPU.ActiveCfg = TSTAUTOMACAO|Any CPU
		{99A82D39-E7BC-493C-A74A-44B1D2F5959D}.TSTAUTOMACAO|Any CPU.Build.0 = TSTAUTOMACAO|Any CPU
		{99A82D39-E7BC-493C-A74A-44B1D2F5959D}.UAT|Any CPU.ActiveCfg = UAT|Any CPU
		{99A82D39-E7BC-493C-A74A-44B1D2F5959D}.UAT|Any CPU.Build.0 = UAT|Any CPU
		{69EF17B2-FD04-4979-ACB6-63EB133A9E87}.Chrome|Any CPU.ActiveCfg = TSTAUTOMACAO|Any CPU
		{69EF17B2-FD04-4979-ACB6-63EB133A9E87}.Chrome|Any CPU.Build.0 = TSTAUTOMACAO|Any CPU
		{69EF17B2-FD04-4979-ACB6-63EB133A9E87}.CI|Any CPU.ActiveCfg = CI|Any CPU
		{69EF17B2-FD04-4979-ACB6-63EB133A9E87}.CI|Any CPU.Build.0 = CI|Any CPU
		{69EF17B2-FD04-4979-ACB6-63EB133A9E87}.Debug|Any CPU.ActiveCfg = DEVCWI|Any CPU
		{69EF17B2-FD04-4979-ACB6-63EB133A9E87}.Debug|Any CPU.Build.0 = DEVCWI|Any CPU
		{69EF17B2-FD04-4979-ACB6-63EB133A9E87}.DEV|Any CPU.ActiveCfg = DEV|Any CPU
		{69EF17B2-FD04-4979-ACB6-63EB133A9E87}.DEV|Any CPU.Build.0 = DEV|Any CPU
		{69EF17B2-FD04-4979-ACB6-63EB133A9E87}.DEVCWI|Any CPU.ActiveCfg = DEVCWI|Any CPU
		{69EF17B2-FD04-4979-ACB6-63EB133A9E87}.DEVCWI|Any CPU.Build.0 = DEVCWI|Any CPU
		{69EF17B2-FD04-4979-ACB6-63EB133A9E87}.Firefox|Any CPU.ActiveCfg = TSTAUTOMACAO|Any CPU
		{69EF17B2-FD04-4979-ACB6-63EB133A9E87}.Firefox|Any CPU.Build.0 = TSTAUTOMACAO|Any CPU
		{69EF17B2-FD04-4979-ACB6-63EB133A9E87}.IE|Any CPU.ActiveCfg = TSTAUTOMACAO|Any CPU
		{69EF17B2-FD04-4979-ACB6-63EB133A9E87}.IE|Any CPU.Build.0 = TSTAUTOMACAO|Any CPU
		{69EF17B2-FD04-4979-ACB6-63EB133A9E87}.PRD|Any CPU.ActiveCfg = PRD|Any CPU
		{69EF17B2-FD04-4979-ACB6-63EB133A9E87}.PRD|Any CPU.Build.0 = PRD|Any CPU
		{69EF17B2-FD04-4979-ACB6-63EB133A9E87}.Release|Any CPU.ActiveCfg = UAT|Any CPU
		{69EF17B2-FD04-4979-ACB6-63EB133A9E87}.Release|Any CPU.Build.0 = UAT|Any CPU
		{69EF17B2-FD04-4979-ACB6-63EB133A9E87}.SIT|Any CPU.ActiveCfg = SIT|Any CPU
		{69EF17B2-FD04-4979-ACB6-63EB133A9E87}.SIT|Any CPU.Build.0 = SIT|Any CPU
		{69EF17B2-FD04-4979-ACB6-63EB133A9E87}.TST|Any CPU.ActiveCfg = TST|Any CPU
		{69EF17B2-FD04-4979-ACB6-63EB133A9E87}.TST|Any CPU.Build.0 = TST|Any CPU
		{69EF17B2-FD04-4979-ACB6-63EB133A9E87}.TSTAUTOMACAO|Any CPU.ActiveCfg = TSTAUTOMACAO|Any CPU
		{69EF17B2-FD04-4979-ACB6-63EB133A9E87}.TSTAUTOMACAO|Any CPU.Build.0 = TSTAUTOMACAO|Any CPU
		{69EF17B2-FD04-4979-ACB6-63EB133A9E87}.UAT|Any CPU.ActiveCfg = UAT|Any CPU
		{69EF17B2-FD04-4979-ACB6-63EB133A9E87}.UAT|Any CPU.Build.0 = UAT|Any CPU
		{4C5AC704-BB24-416D-8A4B-F23109E16468}.Chrome|Any CPU.ActiveCfg = TSTAUTOMACAO|Any CPU
		{4C5AC704-BB24-416D-8A4B-F23109E16468}.Chrome|Any CPU.Build.0 = TSTAUTOMACAO|Any CPU
		{4C5AC704-BB24-416D-8A4B-F23109E16468}.CI|Any CPU.ActiveCfg = CI|Any CPU
		{4C5AC704-BB24-416D-8A4B-F23109E16468}.CI|Any CPU.Build.0 = CI|Any CPU
		{4C5AC704-BB24-416D-8A4B-F23109E16468}.Debug|Any CPU.ActiveCfg = DEVCWI|Any CPU
		{4C5AC704-BB24-416D-8A4B-F23109E16468}.Debug|Any CPU.Build.0 = DEVCWI|Any CPU
		{4C5AC704-BB24-416D-8A4B-F23109E16468}.DEV|Any CPU.ActiveCfg = DEV|Any CPU
		{4C5AC704-BB24-416D-8A4B-F23109E16468}.DEV|Any CPU.Build.0 = DEV|Any CPU
		{4C5AC704-BB24-416D-8A4B-F23109E16468}.DEVCWI|Any CPU.ActiveCfg = DEVCWI|Any CPU
		{4C5AC704-BB24-416D-8A4B-F23109E16468}.DEVCWI|Any CPU.Build.0 = DEVCWI|Any CPU
		{4C5AC704-BB24-416D-8A4B-F23109E16468}.Firefox|Any CPU.ActiveCfg = TSTAUTOMACAO|Any CPU
		{4C5AC704-BB24-416D-8A4B-F23109E16468}.Firefox|Any CPU.Build.0 = TSTAUTOMACAO|Any CPU
		{4C5AC704-BB24-416D-8A4B-F23109E16468}.IE|Any CPU.ActiveCfg = TSTAUTOMACAO|Any CPU
		{4C5AC704-BB24-416D-8A4B-F23109E16468}.IE|Any CPU.Build.0 = TSTAUTOMACAO|Any CPU
		{4C5AC704-BB24-416D-8A4B-F23109E16468}.PRD|Any CPU.ActiveCfg = PRD|Any CPU
		{4C5AC704-BB24-416D-8A4B-F23109E16468}.PRD|Any CPU.Build.0 = PRD|Any CPU
		{4C5AC704-BB24-416D-8A4B-F23109E16468}.Release|Any CPU.ActiveCfg = UAT|Any CPU
		{4C5AC704-BB24-416D-8A4B-F23109E16468}.Release|Any CPU.Build.0 = UAT|Any CPU
		{4C5AC704-BB24-416D-8A4B-F23109E16468}.SIT|Any CPU.ActiveCfg = SIT|Any CPU
		{4C5AC704-BB24-416D-8A4B-F23109E16468}.SIT|Any CPU.Build.0 = SIT|Any CPU
		{4C5AC704-BB24-416D-8A4B-F23109E16468}.TST|Any CPU.ActiveCfg = TST|Any CPU
		{4C5AC704-BB24-416D-8A4B-F23109E16468}.TST|Any CPU.Build.0 = TST|Any CPU
		{4C5AC704-BB24-416D-8A4B-F23109E16468}.TSTAUTOMACAO|Any CPU.ActiveCfg = TSTAUTOMACAO|Any CPU
		{4C5AC704-BB24-416D-8A4B-F23109E16468}.TSTAUTOMACAO|Any CPU.Build.0 = TSTAUTOMACAO|Any CPU
		{4C5AC704-BB24-416D-8A4B-F23109E16468}.UAT|Any CPU.ActiveCfg = UAT|Any CPU
		{4C5AC704-BB24-416D-8A4B-F23109E16468}.UAT|Any CPU.Build.0 = UAT|Any CPU
	EndGlobalSection
	GlobalSection(SolutionProperties) = preSolution
		HideSolutionNode = FALSE
	EndGlobalSection
	GlobalSection(NestedProjects) = preSolution
		{99965C62-48A7-4B64-B3A5-13E8138F087C} = {57368486-C55E-4A5C-B054-56030C5FD950}
		{3D0D3692-E5FA-42A6-85AF-4779F580EEB6} = {8FE9D5B2-4821-4557-A14F-8F1F5D626E7C}
		{35A8812F-E9AF-436E-9848-632D83FA401F} = {8FE9D5B2-4821-4557-A14F-8F1F5D626E7C}
		{BF71769E-5C8F-4EB5-A492-C112CCED7C4E} = {8FE9D5B2-4821-4557-A14F-8F1F5D626E7C}
		{2ECFB67C-5B07-4A2D-9D96-9DFBA5ED4E18} = {8FE9D5B2-4821-4557-A14F-8F1F5D626E7C}
		{20D8C6FA-065E-41BB-814C-DDFAAC7D406D} = {8FE9D5B2-4821-4557-A14F-8F1F5D626E7C}
		{FFE819CB-1E3A-4CEC-A78E-DA2550075CBB} = {8FE9D5B2-4821-4557-A14F-8F1F5D626E7C}
		{0AA9C157-8943-44E4-9E93-07A75653E172} = {B821F3EA-709F-42F2-99A5-CE2AECFC575F}
		{67FE29B4-C632-469A-8AEC-4993754B5D17} = {B821F3EA-709F-42F2-99A5-CE2AECFC575F}
		{D4191EC3-D3D2-4A7E-A978-402BA937EFF5} = {B821F3EA-709F-42F2-99A5-CE2AECFC575F}
		{99A82D39-E7BC-493C-A74A-44B1D2F5959D} = {8FE9D5B2-4821-4557-A14F-8F1F5D626E7C}
		{69EF17B2-FD04-4979-ACB6-63EB133A9E87} = {8FE9D5B2-4821-4557-A14F-8F1F5D626E7C}
		{4C5AC704-BB24-416D-8A4B-F23109E16468} = {B821F3EA-709F-42F2-99A5-CE2AECFC575F}
	EndGlobalSection
EndGlobal
